
Microsoft Visual Studio Solution File, Format Version 12.00
# Visual Studio 15
VisualStudioVersion = 15.0.27703.2000
MinimumVisualStudioVersion = 10.0.40219.1
Project("{FAE04EC0-301F-11D3-BF4B-00C04F79EFBC}") = "LabT1", "LabT1\LabT1.csproj", "{823CF48A-DE84-4834-B62D-F81FA72DC1D0}"
EndProject
Project("{FAE04EC0-301F-11D3-BF4B-00C04F79EFBC}") = "LabT1Test", "LabT1Test\LabT1Test.csproj", "{153F3EF7-7708-426B-A17B-53930D6FE3DA}"
EndProject
Global
	GlobalSection(SolutionConfigurationPlatforms) = preSolution
		Debug|Any CPU = Debug|Any CPU
		Release|Any CPU = Release|Any CPU
	EndGlobalSection
	GlobalSection(ProjectConfigurationPlatforms) = postSolution
		{823CF48A-DE84-4834-B62D-F81FA72DC1D0}.Debug|Any CPU.ActiveCfg = Debug|Any CPU
		{823CF48A-DE84-4834-B62D-F81FA72DC1D0}.Debug|Any CPU.Build.0 = Debug|Any CPU
		{823CF48A-DE84-4834-B62D-F81FA72DC1D0}.Release|Any CPU.ActiveCfg = Release|Any CPU
		{823CF48A-DE84-4834-B62D-F81FA72DC1D0}.Release|Any CPU.Build.0 = Release|Any CPU
		{153F3EF7-7708-426B-A17B-53930D6FE3DA}.Debug|Any CPU.ActiveCfg = Debug|Any CPU
		{153F3EF7-7708-426B-A17B-53930D6FE3DA}.Debug|Any CPU.Build.0 = Debug|Any CPU
		{153F3EF7-7708-426B-A17B-53930D6FE3DA}.Release|Any CPU.ActiveCfg = Release|Any CPU
		{153F3EF7-7708-426B-A17B-53930D6FE3DA}.Release|Any CPU.Build.0 = Release|Any CPU
	EndGlobalSection
	GlobalSection(SolutionProperties) = preSolution
		HideSolutionNode = FALSE
	EndGlobalSection
	GlobalSection(ExtensibilityGlobals) = postSolution
		SolutionGuid = {3ED9A9CC-A9D0-4502-8844-D0D00F9353BE}
	EndGlobalSection
EndGlobal
